{
  "name": "skiz-parser-example",
  "version": "1.0.0",
  "lockfileVersion": 3,
  "requires": true,
  "packages": {
    "": {
      "name": "skiz-parser-example",
      "version": "1.0.0",
      "license": "BSD-3-Clause",
      "dependencies": {
        "skiz-parser": "file:.."
      },
      "engines": {
        "node": ">=20"
      }
    },
    "..": {
      "version": "0.0.0-development",
      "license": "BSD-3-Clause",
      "dependencies": {
        "csv-parse": "6.1.0",
        "fast-xml-parser": "5.3.4",
        "yauzl": "3.2.0"
      },
      "devDependencies": {
        "@kirkeaton/prettier-config": "1.0.6",
        "@kirkeaton/tsconfig": "2.1.1",
        "@types/node": "24.10.9",
        "@types/yauzl": "2.10.3",
        "prettier": "3.8.1",
        "typescript": "5.9.3"
      },
      "engines": {
        "node": ">=20"
      },
      "funding": {
        "url": "https://kirkeaton.ca/sponsor"
      }
    },
    "node_modules/skiz-parser": {
      "resolved": "..",
      "link": true
    }
  }
}
