{
  "name": "skiz-parser-example",
  "version": "1.0.0",
  "lockfileVersion": 3,
  "requires": true,
  "packages": {
    "": {
      "name": "skiz-parser-example",
      "version": "1.0.0",
      "license": "BSD-3-Clause",
      "dependencies": {
        "skiz-parser": "file:.."
      },
      "engines": {
        "node": ">=22"
      }
    },
    "..": {
      "version": "0.0.0-development",
      "license": "BSD-3-Clause",
      "dependencies": {
        "csv-parse": "7.0.2",
        "fast-xml-parser": "5.10.1",
        "yauzl": "3.4.0"
      },
      "devDependencies": {
        "@kirkeaton/prettier-config": "2.0.0",
        "@kirkeaton/tsconfig": "3.1.0",
        "@types/node": "25.9.5",
        "@types/yauzl": "3.4.0",
        "prettier": "3.9.6",
        "typescript": "7.0.2"
      },
      "engines": {
        "node": ">=22"
      },
      "funding": {
        "url": "https://kirkeaton.ca/sponsor"
      }
    },
    "node_modules/skiz-parser": {
      "resolved": "..",
      "link": true
    }
  }
}
