lockfileVersion: '9.0'

settings:
  autoInstallPeers: true
  excludeLinksFromLockfile: false

importers:

  .:
    dependencies:
      skiz-parser:
        specifier: file:..
        version: file:..

packages:

  buffer-crc32@0.2.13:
    resolution: {integrity: sha512-VO9Ht/+p3SN7SKWqcrgEzjGbRSJYTx+Q1pTQC0wrWqHx0vpJraQ6GtHx8tvcg1rlK1byhU5gccxgOgj7B0TDkQ==}

  csv-parse@5.6.0:
    resolution: {integrity: sha512-l3nz3euub2QMg5ouu5U09Ew9Wf6/wQ8I++ch1loQ0ljmzhmfZYrH9fflS22i/PQEvsPvxCwxgz5q7UB8K1JO4Q==}

  fast-xml-parser@5.2.3:
    resolution: {integrity: sha512-OdCYfRqfpuLUFonTNjvd30rCBZUneHpSQkCqfaeWQ9qrKcl6XlWeDBNVwGb+INAIxRshuN2jF+BE0L6gbBO2mw==}
    hasBin: true

  pend@1.2.0:
    resolution: {integrity: sha512-F3asv42UuXchdzt+xXqfW1OGlVBe+mxa2mqI0pg5yAHZPvFmY3Y6drSf/GQ1A86WgWEN9Kzh/WrgKa6iGcHXLg==}

  skiz-parser@file:..:
    resolution: {directory: .., type: directory}
    engines: {node: '>=18'}

  strnum@2.1.1:
    resolution: {integrity: sha512-7ZvoFTiCnGxBtDqJ//Cu6fWtZtc7Y3x+QOirG15wztbdngGSkht27o2pyGWrVy0b4WAy3jbKmnoK6g5VlVNUUw==}

  yauzl@3.2.0:
    resolution: {integrity: sha512-Ow9nuGZE+qp1u4JIPvg+uCiUr7xGQWdff7JQSk5VGYTAZMDe2q8lxJ10ygv10qmSj031Ty/6FNJpLO4o1Sgc+w==}
    engines: {node: '>=12'}

snapshots:

  buffer-crc32@0.2.13: {}

  csv-parse@5.6.0: {}

  fast-xml-parser@5.2.3:
    dependencies:
      strnum: 2.1.1

  pend@1.2.0: {}

  skiz-parser@file:..:
    dependencies:
      csv-parse: 5.6.0
      fast-xml-parser: 5.2.3
      yauzl: 3.2.0

  strnum@2.1.1: {}

  yauzl@3.2.0:
    dependencies:
      buffer-crc32: 0.2.13
      pend: 1.2.0
