{
  "name": "skiz-parser",
  "version": "0.0.0-development",
  "lockfileVersion": 3,
  "requires": true,
  "packages": {
    "": {
      "name": "skiz-parser",
      "version": "0.0.0-development",
      "license": "BSD-3-Clause",
      "dependencies": {
        "csv-parse": "6.2.1",
        "fast-xml-parser": "5.5.9",
        "yauzl": "3.2.1"
      },
      "devDependencies": {
        "@kirkeaton/prettier-config": "1.0.6",
        "@kirkeaton/tsconfig": "2.2.2",
        "@types/node": "24.12.0",
        "@types/yauzl": "2.10.3",
        "prettier": "3.8.1",
        "typescript": "6.0.2"
      },
      "engines": {
        "node": ">=20"
      },
      "funding": {
        "url": "https://kirkeaton.ca/sponsor"
      }
    },
    "node_modules/@kirkeaton/prettier-config": {
      "version": "1.0.6",
      "resolved": "https://registry.npmjs.org/@kirkeaton/prettier-config/-/prettier-config-1.0.6.tgz",
      "integrity": "sha512-AGLyINAM0L+uexB3B6gsDyyBiHHPeUCuhwI3W0Kl+lbW1V0DvWlOaPDnn7yREYQMrPTY37gAzVBIhWPw2wB4nQ==",
      "dev": true,
      "license": "BSD-3-Clause",
      "funding": {
        "url": "https://kirkeaton.ca/sponsor"
      }
    },
    "node_modules/@kirkeaton/tsconfig": {
      "version": "2.2.2",
      "resolved": "https://registry.npmjs.org/@kirkeaton/tsconfig/-/tsconfig-2.2.2.tgz",
      "integrity": "sha512-g4viiFs20heRJlRtqjFTPqY1o8SxW4w6ldMFb+C69hmhvdMF7ZGWU1imc7Cd2iRzc6fqwN8sTHKjRXxYhkNezw==",
      "dev": true,
      "license": "BSD-3-Clause",
      "engines": {
        "node": ">=20"
      },
      "funding": {
        "url": "https://kirkeaton.ca/sponsor"
      },
      "peerDependencies": {
        "typescript": "~5.9 || ~6.0"
      }
    },
    "node_modules/@types/node": {
      "version": "24.12.0",
      "resolved": "https://registry.npmjs.org/@types/node/-/node-24.12.0.tgz",
      "integrity": "sha512-GYDxsZi3ChgmckRT9HPU0WEhKLP08ev/Yfcq2AstjrDASOYCSXeyjDsHg4v5t4jOj7cyDX3vmprafKlWIG9MXQ==",
      "dev": true,
      "license": "MIT",
      "dependencies": {
        "undici-types": "~7.16.0"
      }
    },
    "node_modules/@types/yauzl": {
      "version": "2.10.3",
      "resolved": "https://registry.npmjs.org/@types/yauzl/-/yauzl-2.10.3.tgz",
      "integrity": "sha512-oJoftv0LSuaDZE3Le4DbKX+KS9G36NzOeSap90UIK0yMA/NhKJhqlSGtNDORNRaIbQfzjXDrQa0ytJ6mNRGz/Q==",
      "dev": true,
      "license": "MIT",
      "dependencies": {
        "@types/node": "*"
      }
    },
    "node_modules/buffer-crc32": {
      "version": "0.2.13",
      "resolved": "https://registry.npmjs.org/buffer-crc32/-/buffer-crc32-0.2.13.tgz",
      "integrity": "sha512-VO9Ht/+p3SN7SKWqcrgEzjGbRSJYTx+Q1pTQC0wrWqHx0vpJraQ6GtHx8tvcg1rlK1byhU5gccxgOgj7B0TDkQ==",
      "license": "MIT",
      "engines": {
        "node": "*"
      }
    },
    "node_modules/csv-parse": {
      "version": "6.2.1",
      "resolved": "https://registry.npmjs.org/csv-parse/-/csv-parse-6.2.1.tgz",
      "integrity": "sha512-LRLMV+UCyfMokp8Wb411duBf1gaBKJfOfBWU9eHMJ+b+cJYZsNu3AFmjJf3+yPGd59Exz1TsMjaSFyxnYB9+IQ==",
      "license": "MIT"
    },
    "node_modules/fast-xml-builder": {
      "version": "1.1.4",
      "resolved": "https://registry.npmjs.org/fast-xml-builder/-/fast-xml-builder-1.1.4.tgz",
      "integrity": "sha512-f2jhpN4Eccy0/Uz9csxh3Nu6q4ErKxf0XIsasomfOihuSUa3/xw6w8dnOtCDgEItQFJG8KyXPzQXzcODDrrbOg==",
      "funding": [
        {
          "type": "github",
          "url": "https://github.com/sponsors/NaturalIntelligence"
        }
      ],
      "license": "MIT",
      "dependencies": {
        "path-expression-matcher": "^1.1.3"
      }
    },
    "node_modules/fast-xml-parser": {
      "version": "5.5.9",
      "resolved": "https://registry.npmjs.org/fast-xml-parser/-/fast-xml-parser-5.5.9.tgz",
      "integrity": "sha512-jldvxr1MC6rtiZKgrFnDSvT8xuH+eJqxqOBThUVjYrxssYTo1avZLGql5l0a0BAERR01CadYzZ83kVEkbyDg+g==",
      "funding": [
        {
          "type": "github",
          "url": "https://github.com/sponsors/NaturalIntelligence"
        }
      ],
      "license": "MIT",
      "dependencies": {
        "fast-xml-builder": "^1.1.4",
        "path-expression-matcher": "^1.2.0",
        "strnum": "^2.2.2"
      },
      "bin": {
        "fxparser": "src/cli/cli.js"
      }
    },
    "node_modules/path-expression-matcher": {
      "version": "1.2.1",
      "resolved": "https://registry.npmjs.org/path-expression-matcher/-/path-expression-matcher-1.2.1.tgz",
      "integrity": "sha512-d7gQQmLvAKXKXE2GeP9apIGbMYKz88zWdsn/BN2HRWVQsDFdUY36WSLTY0Jvd4HWi7Fb30gQ62oAOzdgJA6fZw==",
      "funding": [
        {
          "type": "github",
          "url": "https://github.com/sponsors/NaturalIntelligence"
        }
      ],
      "license": "MIT",
      "engines": {
        "node": ">=14.0.0"
      }
    },
    "node_modules/pend": {
      "version": "1.2.0",
      "resolved": "https://registry.npmjs.org/pend/-/pend-1.2.0.tgz",
      "integrity": "sha512-F3asv42UuXchdzt+xXqfW1OGlVBe+mxa2mqI0pg5yAHZPvFmY3Y6drSf/GQ1A86WgWEN9Kzh/WrgKa6iGcHXLg==",
      "license": "MIT"
    },
    "node_modules/prettier": {
      "version": "3.8.1",
      "resolved": "https://registry.npmjs.org/prettier/-/prettier-3.8.1.tgz",
      "integrity": "sha512-UOnG6LftzbdaHZcKoPFtOcCKztrQ57WkHDeRD9t/PTQtmT0NHSeWWepj6pS0z/N7+08BHFDQVUrfmfMRcZwbMg==",
      "dev": true,
      "license": "MIT",
      "bin": {
        "prettier": "bin/prettier.cjs"
      },
      "engines": {
        "node": ">=14"
      },
      "funding": {
        "url": "https://github.com/prettier/prettier?sponsor=1"
      }
    },
    "node_modules/strnum": {
      "version": "2.2.2",
      "resolved": "https://registry.npmjs.org/strnum/-/strnum-2.2.2.tgz",
      "integrity": "sha512-DnR90I+jtXNSTXWdwrEy9FakW7UX+qUZg28gj5fk2vxxl7uS/3bpI4fjFYVmdK9etptYBPNkpahuQnEwhwECqA==",
      "funding": [
        {
          "type": "github",
          "url": "https://github.com/sponsors/NaturalIntelligence"
        }
      ],
      "license": "MIT"
    },
    "node_modules/typescript": {
      "version": "6.0.2",
      "resolved": "https://registry.npmjs.org/typescript/-/typescript-6.0.2.tgz",
      "integrity": "sha512-bGdAIrZ0wiGDo5l8c++HWtbaNCWTS4UTv7RaTH/ThVIgjkveJt83m74bBHMJkuCbslY8ixgLBVZJIOiQlQTjfQ==",
      "dev": true,
      "license": "Apache-2.0",
      "bin": {
        "tsc": "bin/tsc",
        "tsserver": "bin/tsserver"
      },
      "engines": {
        "node": ">=14.17"
      }
    },
    "node_modules/undici-types": {
      "version": "7.16.0",
      "resolved": "https://registry.npmjs.org/undici-types/-/undici-types-7.16.0.tgz",
      "integrity": "sha512-Zz+aZWSj8LE6zoxD+xrjh4VfkIG8Ya6LvYkZqtUQGJPZjYl53ypCaUwWqo7eI0x66KBGeRo+mlBEkMSeSZ38Nw==",
      "dev": true,
      "license": "MIT"
    },
    "node_modules/yauzl": {
      "version": "3.2.1",
      "resolved": "https://registry.npmjs.org/yauzl/-/yauzl-3.2.1.tgz",
      "integrity": "sha512-k1isifdbpNSFEHFJ1ZY4YDewv0IH9FR61lDetaRMD3j2ae3bIXGV+7c+LHCqtQGofSd8PIyV4X6+dHMAnSr60A==",
      "license": "MIT",
      "dependencies": {
        "buffer-crc32": "~0.2.3",
        "pend": "~1.2.0"
      },
      "engines": {
        "node": ">=12"
      }
    }
  }
}
